
Microsoft Visual Studio Solution File, Format Version 9.00
# Visual Studio 2005
Project("{8BC9CEB8-8B4A-11D0-8D11-00A0C91BC942}") = "logtest", "logtest\logtest.vcproj", "{98E0830F-4889-4089-B4AF-B0E0C04E88A2}"
	ProjectSection(ProjectDependencies) = postProject
		{F7565F5C-26DF-4339-83A7-656F7509EB50} = {F7565F5C-26DF-4339-83A7-656F7509EB50}
	EndProjectSection
EndProject
Project("{8BC9CEB8-8B4A-11D0-8D11-00A0C91BC942}") = "rawlog", "rawlog\rawlog.vcproj", "{F7565F5C-26DF-4339-83A7-656F7509EB50}"
EndProject
Global
	GlobalSection(SolutionConfigurationPlatforms) = preSolution
		Debug|Win32 = Debug|Win32
		Release|Win32 = Release|Win32
	EndGlobalSection
	GlobalSection(ProjectConfigurationPlatforms) = postSolution
		{98E0830F-4889-4089-B4AF-B0E0C04E88A2}.Debug|Win32.ActiveCfg = Debug|Win32
		{98E0830F-4889-4089-B4AF-B0E0C04E88A2}.Debug|Win32.Build.0 = Debug|Win32
		{98E0830F-4889-4089-B4AF-B0E0C04E88A2}.Release|Win32.ActiveCfg = Release|Win32
		{98E0830F-4889-4089-B4AF-B0E0C04E88A2}.Release|Win32.Build.0 = Release|Win32
		{F7565F5C-26DF-4339-83A7-656F7509EB50}.Debug|Win32.ActiveCfg = Debug|Win32
		{F7565F5C-26DF-4339-83A7-656F7509EB50}.Debug|Win32.Build.0 = Debug|Win32
		{F7565F5C-26DF-4339-83A7-656F7509EB50}.Release|Win32.ActiveCfg = Release|Win32
		{F7565F5C-26DF-4339-83A7-656F7509EB50}.Release|Win32.Build.0 = Release|Win32
	EndGlobalSection
	GlobalSection(SolutionProperties) = preSolution
		HideSolutionNode = FALSE
	EndGlobalSection
EndGlobal
